
Microsoft Visual Studio Solution File, Format Version 12.00
# Visual Studio Version 17
VisualStudioVersion = 17.13.35806.99 d17.13
MinimumVisualStudioVersion = 10.0.40219.1
Project("{FAE04EC0-301F-11D3-BF4B-00C04F79EFBC}") = "AvaloniaResourceExtractor", "AvaloniaResourceExtractor.csproj", "{5630DAC3-0FE6-41A7-A2BA-966DD10AADF7}"
EndProject
Global
	GlobalSection(SolutionConfigurationPlatforms) = preSolution
		Debug|x64 = Debug|x64
		Release|x64 = Release|x64
	EndGlobalSection
	GlobalSection(ProjectConfigurationPlatforms) = postSolution
		{5630DAC3-0FE6-41A7-A2BA-966DD10AADF7}.Debug|x64.ActiveCfg = Debug|x64
		{5630DAC3-0FE6-41A7-A2BA-966DD10AADF7}.Debug|x64.Build.0 = Debug|x64
		{5630DAC3-0FE6-41A7-A2BA-966DD10AADF7}.Release|x64.ActiveCfg = Release|x64
		{5630DAC3-0FE6-41A7-A2BA-966DD10AADF7}.Release|x64.Build.0 = Release|x64
	EndGlobalSection
	GlobalSection(SolutionProperties) = preSolution
		HideSolutionNode = FALSE
	EndGlobalSection
	GlobalSection(ExtensibilityGlobals) = postSolution
		SolutionGuid = {8D2F8636-92AF-4300-9B01-DA8A5807ABCF}
	EndGlobalSection
EndGlobal
